
Microsoft Visual Studio Solution File, Format Version 12.00
# Visual Studio Version 16
VisualStudioVersion = 16.0.32228.343
MinimumVisualStudioVersion = 10.0.40219.1
Project("{9A19103F-16F7-4668-BE54-9A1E7A4F7556}") = "GroceryMaster", "GroceryMaster\GroceryMaster.csproj", "{6BC08588-C8C2-48AA-AC0C-179D608191B0}"
EndProject
Project("{54435603-DBB4-11D2-8724-00A0C9A8B90C}") = "GroceryMasterInstaller", "GroceryMasterInstaller\GroceryMasterInstaller.vdproj", "{46E2F317-F757-4C55-AD36-FDDB5A3978A1}"
EndProject
Global
	GlobalSection(SolutionConfigurationPlatforms) = preSolution
		Debug|Any CPU = Debug|Any CPU
		Release|Any CPU = Release|Any CPU
	EndGlobalSection
	GlobalSection(ProjectConfigurationPlatforms) = postSolution
		{6BC08588-C8C2-48AA-AC0C-179D608191B0}.Debug|Any CPU.ActiveCfg = Debug|Any CPU
		{6BC08588-C8C2-48AA-AC0C-179D608191B0}.Debug|Any CPU.Build.0 = Debug|Any CPU
		{6BC08588-C8C2-48AA-AC0C-179D608191B0}.Release|Any CPU.ActiveCfg = Release|Any CPU
		{6BC08588-C8C2-48AA-AC0C-179D608191B0}.Release|Any CPU.Build.0 = Release|Any CPU
		{46E2F317-F757-4C55-AD36-FDDB5A3978A1}.Debug|Any CPU.ActiveCfg = Debug
		{46E2F317-F757-4C55-AD36-FDDB5A3978A1}.Release|Any CPU.ActiveCfg = Release
	EndGlobalSection
	GlobalSection(SolutionProperties) = preSolution
		HideSolutionNode = FALSE
	EndGlobalSection
	GlobalSection(ExtensibilityGlobals) = postSolution
		SolutionGuid = {A95BC493-FE9A-41FB-9646-C5DB33AD5F1E}
	EndGlobalSection
EndGlobal
